
Microsoft Visual Studio Solution File, Format Version 12.00
# Visual Studio Version 17
VisualStudioVersion = 17.1.32319.34
MinimumVisualStudioVersion = 10.0.40219.1
Project("{FAE04EC0-301F-11D3-BF4B-00C04F79EFBC}") = "tracking", "tracking.csproj", "{D879801D-0B96-4516-9AB2-00CDA7B17EB2}"
EndProject
Global
	GlobalSection(SolutionConfigurationPlatforms) = preSolution
		Debug|Any CPU = Debug|Any CPU
		Release|Any CPU = Release|Any CPU
	EndGlobalSection
	GlobalSection(ProjectConfigurationPlatforms) = postSolution
		{D879801D-0B96-4516-9AB2-00CDA7B17EB2}.Debug|Any CPU.ActiveCfg = Debug|Any CPU
		{D879801D-0B96-4516-9AB2-00CDA7B17EB2}.Debug|Any CPU.Build.0 = Debug|Any CPU
		{D879801D-0B96-4516-9AB2-00CDA7B17EB2}.Release|Any CPU.ActiveCfg = Release|Any CPU
		{D879801D-0B96-4516-9AB2-00CDA7B17EB2}.Release|Any CPU.Build.0 = Release|Any CPU
	EndGlobalSection
	GlobalSection(SolutionProperties) = preSolution
		HideSolutionNode = FALSE
	EndGlobalSection
	GlobalSection(ExtensibilityGlobals) = postSolution
		SolutionGuid = {BBCA00D1-D2E8-4EDA-A100-9A9BECDC9B33}
	EndGlobalSection
EndGlobal
