
Microsoft Visual Studio Solution File, Format Version 12.00
# Visual Studio Version 17
VisualStudioVersion = 17.1.32319.34
MinimumVisualStudioVersion = 10.0.40219.1
Project("{FAE04EC0-301F-11D3-BF4B-00C04F79EFBC}") = "KacieBakes", "KacieBakes.csproj", "{09E12A18-68A6-4572-B826-F67224043BBA}"
EndProject
Global
	GlobalSection(SolutionConfigurationPlatforms) = preSolution
		Debug|Any CPU = Debug|Any CPU
		Release|Any CPU = Release|Any CPU
	EndGlobalSection
	GlobalSection(ProjectConfigurationPlatforms) = postSolution
		{09E12A18-68A6-4572-B826-F67224043BBA}.Debug|Any CPU.ActiveCfg = Debug|Any CPU
		{09E12A18-68A6-4572-B826-F67224043BBA}.Debug|Any CPU.Build.0 = Debug|Any CPU
		{09E12A18-68A6-4572-B826-F67224043BBA}.Release|Any CPU.ActiveCfg = Release|Any CPU
		{09E12A18-68A6-4572-B826-F67224043BBA}.Release|Any CPU.Build.0 = Release|Any CPU
	EndGlobalSection
	GlobalSection(SolutionProperties) = preSolution
		HideSolutionNode = FALSE
	EndGlobalSection
	GlobalSection(ExtensibilityGlobals) = postSolution
		SolutionGuid = {C169D2AD-1E9D-405B-86B2-68FC3B602D30}
	EndGlobalSection
EndGlobal
