
Microsoft Visual Studio Solution File, Format Version 12.00
# Visual Studio Version 17
VisualStudioVersion = 17.1.32319.34
MinimumVisualStudioVersion = 10.0.40219.1
Project("{FAE04EC0-301F-11D3-BF4B-00C04F79EFBC}") = "DougFriendBooking", "DougFriendBooking.csproj", "{0430F459-F64A-40EC-96D2-012AC3DA46E1}"
EndProject
Project("{FAE04EC0-301F-11D3-BF4B-00C04F79EFBC}") = "RazorBooking", "..\RazorBooking\RazorBooking.csproj", "{47D9E32A-02F4-4847-A23A-52D4A7348234}"
EndProject
Global
	GlobalSection(SolutionConfigurationPlatforms) = preSolution
		Debug|Any CPU = Debug|Any CPU
		Release|Any CPU = Release|Any CPU
	EndGlobalSection
	GlobalSection(ProjectConfigurationPlatforms) = postSolution
		{0430F459-F64A-40EC-96D2-012AC3DA46E1}.Debug|Any CPU.ActiveCfg = Debug|Any CPU
		{0430F459-F64A-40EC-96D2-012AC3DA46E1}.Debug|Any CPU.Build.0 = Debug|Any CPU
		{0430F459-F64A-40EC-96D2-012AC3DA46E1}.Release|Any CPU.ActiveCfg = Release|Any CPU
		{0430F459-F64A-40EC-96D2-012AC3DA46E1}.Release|Any CPU.Build.0 = Release|Any CPU
		{47D9E32A-02F4-4847-A23A-52D4A7348234}.Debug|Any CPU.ActiveCfg = Debug|Any CPU
		{47D9E32A-02F4-4847-A23A-52D4A7348234}.Debug|Any CPU.Build.0 = Debug|Any CPU
		{47D9E32A-02F4-4847-A23A-52D4A7348234}.Release|Any CPU.ActiveCfg = Release|Any CPU
		{47D9E32A-02F4-4847-A23A-52D4A7348234}.Release|Any CPU.Build.0 = Release|Any CPU
	EndGlobalSection
	GlobalSection(SolutionProperties) = preSolution
		HideSolutionNode = FALSE
	EndGlobalSection
	GlobalSection(ExtensibilityGlobals) = postSolution
		SolutionGuid = {784F1311-76C3-4749-8FE7-DE591200B0B0}
	EndGlobalSection
EndGlobal
